
Microsoft Visual Studio Solution File, Format Version 12.00
# Visual Studio Version 17
VisualStudioVersion = 17.9.34902.65
MinimumVisualStudioVersion = 10.0.40219.1
Project("{FAE04EC0-301F-11D3-BF4B-00C04F79EFBC}") = "CSharp", "CSharp\CSharp.csproj", "{1F26E394-6824-4392-8F42-D6DED17FE292}"
EndProject
Global
	GlobalSection(SolutionConfigurationPlatforms) = preSolution
		Debug|Any CPU = Debug|Any CPU
		Release|Any CPU = Release|Any CPU
	EndGlobalSection
	GlobalSection(ProjectConfigurationPlatforms) = postSolution
		{1F26E394-6824-4392-8F42-D6DED17FE292}.Debug|Any CPU.ActiveCfg = Debug|Any CPU
		{1F26E394-6824-4392-8F42-D6DED17FE292}.Debug|Any CPU.Build.0 = Debug|Any CPU
		{1F26E394-6824-4392-8F42-D6DED17FE292}.Release|Any CPU.ActiveCfg = Release|Any CPU
		{1F26E394-6824-4392-8F42-D6DED17FE292}.Release|Any CPU.Build.0 = Release|Any CPU
	EndGlobalSection
	GlobalSection(SolutionProperties) = preSolution
		HideSolutionNode = FALSE
	EndGlobalSection
	GlobalSection(ExtensibilityGlobals) = postSolution
		SolutionGuid = {7B807971-1890-4AC6-97E6-68D29424F235}
	EndGlobalSection
EndGlobal
