
Microsoft Visual Studio Solution File, Format Version 12.00
# Visual Studio Version 17
VisualStudioVersion = 17.9.34902.65
MinimumVisualStudioVersion = 10.0.40219.1
Project("{FAE04EC0-301F-11D3-BF4B-00C04F79EFBC}") = "CSharp", "CSharp\CSharp.csproj", "{61556383-9DDB-4EF7-9B35-906CE512F9F2}"
EndProject
Global
	GlobalSection(SolutionConfigurationPlatforms) = preSolution
		Debug|Any CPU = Debug|Any CPU
		Release|Any CPU = Release|Any CPU
	EndGlobalSection
	GlobalSection(ProjectConfigurationPlatforms) = postSolution
		{61556383-9DDB-4EF7-9B35-906CE512F9F2}.Debug|Any CPU.ActiveCfg = Debug|Any CPU
		{61556383-9DDB-4EF7-9B35-906CE512F9F2}.Debug|Any CPU.Build.0 = Debug|Any CPU
		{61556383-9DDB-4EF7-9B35-906CE512F9F2}.Release|Any CPU.ActiveCfg = Release|Any CPU
		{61556383-9DDB-4EF7-9B35-906CE512F9F2}.Release|Any CPU.Build.0 = Release|Any CPU
	EndGlobalSection
	GlobalSection(SolutionProperties) = preSolution
		HideSolutionNode = FALSE
	EndGlobalSection
	GlobalSection(ExtensibilityGlobals) = postSolution
		SolutionGuid = {E6A7FF26-30CF-4745-806F-ECF771C765D9}
	EndGlobalSection
EndGlobal
