
Microsoft Visual Studio Solution File, Format Version 12.00
# Visual Studio Version 17
VisualStudioVersion = 17.9.34902.65
MinimumVisualStudioVersion = 10.0.40219.1
Project("{9A19103F-16F7-4668-BE54-9A1E7A4F7556}") = "CSharp", "CSharp\CSharp.csproj", "{60755B56-2367-4F2F-8E82-E7F38D1033CE}"
EndProject
Project("{F2A71F9B-5D33-465A-A702-920D77279786}") = "FSharp", "FSharp\FSharp.fsproj", "{C6E9360C-A5B0-427D-80A1-CB90A15A51B7}"
EndProject
Project("{F184B08F-C81C-45F6-A57F-5ABD9991F28F}") = "VB", "VB\VB.vbproj", "{4DFFC845-72DF-432A-B045-9D515718F3C1}"
EndProject
Global
	GlobalSection(SolutionConfigurationPlatforms) = preSolution
		Debug|Any CPU = Debug|Any CPU
		Release|Any CPU = Release|Any CPU
	EndGlobalSection
	GlobalSection(ProjectConfigurationPlatforms) = postSolution
		{60755B56-2367-4F2F-8E82-E7F38D1033CE}.Debug|Any CPU.ActiveCfg = Debug|Any CPU
		{60755B56-2367-4F2F-8E82-E7F38D1033CE}.Debug|Any CPU.Build.0 = Debug|Any CPU
		{60755B56-2367-4F2F-8E82-E7F38D1033CE}.Release|Any CPU.ActiveCfg = Release|Any CPU
		{60755B56-2367-4F2F-8E82-E7F38D1033CE}.Release|Any CPU.Build.0 = Release|Any CPU
		{C6E9360C-A5B0-427D-80A1-CB90A15A51B7}.Debug|Any CPU.ActiveCfg = Debug|Any CPU
		{C6E9360C-A5B0-427D-80A1-CB90A15A51B7}.Debug|Any CPU.Build.0 = Debug|Any CPU
		{C6E9360C-A5B0-427D-80A1-CB90A15A51B7}.Release|Any CPU.ActiveCfg = Release|Any CPU
		{C6E9360C-A5B0-427D-80A1-CB90A15A51B7}.Release|Any CPU.Build.0 = Release|Any CPU
		{4DFFC845-72DF-432A-B045-9D515718F3C1}.Debug|Any CPU.ActiveCfg = Debug|Any CPU
		{4DFFC845-72DF-432A-B045-9D515718F3C1}.Debug|Any CPU.Build.0 = Debug|Any CPU
		{4DFFC845-72DF-432A-B045-9D515718F3C1}.Release|Any CPU.ActiveCfg = Release|Any CPU
		{4DFFC845-72DF-432A-B045-9D515718F3C1}.Release|Any CPU.Build.0 = Release|Any CPU
	EndGlobalSection
	GlobalSection(SolutionProperties) = preSolution
		HideSolutionNode = FALSE
	EndGlobalSection
	GlobalSection(ExtensibilityGlobals) = postSolution
		SolutionGuid = {69B5F4EF-10AD-4191-907F-9A5C1CAF9F59}
	EndGlobalSection
EndGlobal
