
Microsoft Visual Studio Solution File, Format Version 12.00
# Visual Studio Version 17
VisualStudioVersion = 17.6.33723.286
MinimumVisualStudioVersion = 10.0.40219.1
Project("{9A19103F-16F7-4668-BE54-9A1E7A4F7556}") = "MuPDF.NET", "MuPDF.NET.csproj", "{4048ED0E-2B1D-4098-8645-21CDB7D5DA08}"
EndProject
Project("{9A19103F-16F7-4668-BE54-9A1E7A4F7556}") = "Demo", "..\Demo\Demo.csproj", "{0DE69513-FE00-4068-8D6B-7F55C6750913}"
	ProjectSection(ProjectDependencies) = postProject
		{4048ED0E-2B1D-4098-8645-21CDB7D5DA08} = {4048ED0E-2B1D-4098-8645-21CDB7D5DA08}
	EndProjectSection
EndProject
Global
	GlobalSection(SolutionConfigurationPlatforms) = preSolution
		Debug|Any CPU = Debug|Any CPU
		Release|Any CPU = Release|Any CPU
	EndGlobalSection
	GlobalSection(ProjectConfigurationPlatforms) = postSolution
		{4048ED0E-2B1D-4098-8645-21CDB7D5DA08}.Debug|Any CPU.ActiveCfg = Debug|Any CPU
		{4048ED0E-2B1D-4098-8645-21CDB7D5DA08}.Debug|Any CPU.Build.0 = Debug|Any CPU
		{4048ED0E-2B1D-4098-8645-21CDB7D5DA08}.Release|Any CPU.ActiveCfg = Release|Any CPU
		{4048ED0E-2B1D-4098-8645-21CDB7D5DA08}.Release|Any CPU.Build.0 = Release|Any CPU
		{0DE69513-FE00-4068-8D6B-7F55C6750913}.Debug|Any CPU.ActiveCfg = Debug|Any CPU
		{0DE69513-FE00-4068-8D6B-7F55C6750913}.Debug|Any CPU.Build.0 = Debug|Any CPU
		{0DE69513-FE00-4068-8D6B-7F55C6750913}.Release|Any CPU.ActiveCfg = Release|Any CPU
		{0DE69513-FE00-4068-8D6B-7F55C6750913}.Release|Any CPU.Build.0 = Release|Any CPU
	EndGlobalSection
	GlobalSection(SolutionProperties) = preSolution
		HideSolutionNode = FALSE
	EndGlobalSection
	GlobalSection(ExtensibilityGlobals) = postSolution
		SolutionGuid = {AFC3CA85-0C16-4057-BC07-72B852881B5F}
	EndGlobalSection
EndGlobal
