
Microsoft Visual Studio Solution File, Format Version 12.00
# Visual Studio Version 17
VisualStudioVersion = 17.6.33723.286
MinimumVisualStudioVersion = 10.0.40219.1
Project("{FAE04EC0-301F-11D3-BF4B-00C04F79EFBC}") = "MuPDF.NET", "CSharpMuPDF\MuPDF.NET.csproj", "{497AD831-BC9C-41B1-88A4-6CA47521FA2A}"
EndProject
Project("{FAE04EC0-301F-11D3-BF4B-00C04F79EFBC}") = "Demo", "Demo\Demo.csproj", "{33E4F2C8-C8C4-4230-AA37-BE787CAEEA3C}"
	ProjectSection(ProjectDependencies) = postProject
		{497AD831-BC9C-41B1-88A4-6CA47521FA2A} = {497AD831-BC9C-41B1-88A4-6CA47521FA2A}
	EndProjectSection
EndProject
Global
	GlobalSection(SolutionConfigurationPlatforms) = preSolution
		Debug|Any CPU = Debug|Any CPU
		Release|Any CPU = Release|Any CPU
	EndGlobalSection
	GlobalSection(ProjectConfigurationPlatforms) = postSolution
		{497AD831-BC9C-41B1-88A4-6CA47521FA2A}.Debug|Any CPU.ActiveCfg = Debug|Any CPU
		{497AD831-BC9C-41B1-88A4-6CA47521FA2A}.Debug|Any CPU.Build.0 = Debug|Any CPU
		{497AD831-BC9C-41B1-88A4-6CA47521FA2A}.Release|Any CPU.ActiveCfg = Release|Any CPU
		{497AD831-BC9C-41B1-88A4-6CA47521FA2A}.Release|Any CPU.Build.0 = Release|Any CPU
		{33E4F2C8-C8C4-4230-AA37-BE787CAEEA3C}.Debug|Any CPU.ActiveCfg = Debug|Any CPU
		{33E4F2C8-C8C4-4230-AA37-BE787CAEEA3C}.Debug|Any CPU.Build.0 = Debug|Any CPU
		{33E4F2C8-C8C4-4230-AA37-BE787CAEEA3C}.Release|Any CPU.ActiveCfg = Release|Any CPU
		{33E4F2C8-C8C4-4230-AA37-BE787CAEEA3C}.Release|Any CPU.Build.0 = Release|Any CPU
	EndGlobalSection
	GlobalSection(SolutionProperties) = preSolution
		HideSolutionNode = FALSE
	EndGlobalSection
	GlobalSection(ExtensibilityGlobals) = postSolution
		SolutionGuid = {EFA97D23-BD29-4188-B81C-1854C9924338}
	EndGlobalSection
EndGlobal
