
Microsoft Visual Studio Solution File, Format Version 12.00
# Visual Studio Version 17
VisualStudioVersion = 17.14.36511.14
MinimumVisualStudioVersion = 10.0.40219.1
Project("{9A19103F-16F7-4668-BE54-9A1E7A4F7556}") = "MuPDF.NET", "MuPDF.NET\MuPDF.NET.csproj", "{6E09980C-0293-4637-A374-A2C9DF020B19}"
EndProject
Project("{FAE04EC0-301F-11D3-BF4B-00C04F79EFBC}") = "MuPDF.NET.Test", "MuPDF.NET.Test\MuPDF.NET.Test.csproj", "{4D2877B8-599E-4A2A-9AC1-202983975284}"
EndProject
Project("{FAE04EC0-301F-11D3-BF4B-00C04F79EFBC}") = "Demo", "Demo\Demo.csproj", "{D1CCB24F-A868-F185-9228-8CC249247C79}"
EndProject
Project("{FAE04EC0-301F-11D3-BF4B-00C04F79EFBC}") = "MuPDF.NET.LLM", "MuPDF.NET.LLM\MuPDF.NET.LLM.csproj", "{9EC37CFF-ACB3-4212-B6C3-0DAC013BADDA}"
EndProject
Project("{FAE04EC0-301F-11D3-BF4B-00C04F79EFBC}") = "MuPDF.NET.LLM.Test", "MuPDF.NET.LLM.Test\MuPDF.NET.LLM.Test.csproj", "{5498436C-E1C0-418D-9DA3-0460A3C15953}"
EndProject
Global
	GlobalSection(SolutionConfigurationPlatforms) = preSolution
		Debug|Any CPU = Debug|Any CPU
		Debug|x64 = Debug|x64
		Debug|x86 = Debug|x86
		Release|Any CPU = Release|Any CPU
		Release|x64 = Release|x64
		Release|x86 = Release|x86
	EndGlobalSection
	GlobalSection(ProjectConfigurationPlatforms) = postSolution
		{6E09980C-0293-4637-A374-A2C9DF020B19}.Debug|Any CPU.ActiveCfg = Debug|Any CPU
		{6E09980C-0293-4637-A374-A2C9DF020B19}.Debug|Any CPU.Build.0 = Debug|Any CPU
		{6E09980C-0293-4637-A374-A2C9DF020B19}.Debug|x64.ActiveCfg = Debug|x64
		{6E09980C-0293-4637-A374-A2C9DF020B19}.Debug|x64.Build.0 = Debug|x64
		{6E09980C-0293-4637-A374-A2C9DF020B19}.Debug|x86.ActiveCfg = Debug|x86
		{6E09980C-0293-4637-A374-A2C9DF020B19}.Debug|x86.Build.0 = Debug|x86
		{6E09980C-0293-4637-A374-A2C9DF020B19}.Release|Any CPU.ActiveCfg = Release|Any CPU
		{6E09980C-0293-4637-A374-A2C9DF020B19}.Release|Any CPU.Build.0 = Release|Any CPU
		{6E09980C-0293-4637-A374-A2C9DF020B19}.Release|x64.ActiveCfg = Release|x64
		{6E09980C-0293-4637-A374-A2C9DF020B19}.Release|x64.Build.0 = Release|x64
		{6E09980C-0293-4637-A374-A2C9DF020B19}.Release|x86.ActiveCfg = Release|x86
		{6E09980C-0293-4637-A374-A2C9DF020B19}.Release|x86.Build.0 = Release|x86
		{4D2877B8-599E-4A2A-9AC1-202983975284}.Debug|Any CPU.ActiveCfg = Debug|Any CPU
		{4D2877B8-599E-4A2A-9AC1-202983975284}.Debug|Any CPU.Build.0 = Debug|Any CPU
		{4D2877B8-599E-4A2A-9AC1-202983975284}.Debug|x64.ActiveCfg = Debug|Any CPU
		{4D2877B8-599E-4A2A-9AC1-202983975284}.Debug|x64.Build.0 = Debug|Any CPU
		{4D2877B8-599E-4A2A-9AC1-202983975284}.Debug|x86.ActiveCfg = Debug|Any CPU
		{4D2877B8-599E-4A2A-9AC1-202983975284}.Debug|x86.Build.0 = Debug|Any CPU
		{4D2877B8-599E-4A2A-9AC1-202983975284}.Release|Any CPU.ActiveCfg = Release|Any CPU
		{4D2877B8-599E-4A2A-9AC1-202983975284}.Release|Any CPU.Build.0 = Release|Any CPU
		{4D2877B8-599E-4A2A-9AC1-202983975284}.Release|x64.ActiveCfg = Release|Any CPU
		{4D2877B8-599E-4A2A-9AC1-202983975284}.Release|x64.Build.0 = Release|Any CPU
		{4D2877B8-599E-4A2A-9AC1-202983975284}.Release|x86.ActiveCfg = Release|Any CPU
		{4D2877B8-599E-4A2A-9AC1-202983975284}.Release|x86.Build.0 = Release|Any CPU
		{D1CCB24F-A868-F185-9228-8CC249247C79}.Debug|Any CPU.ActiveCfg = Debug|Any CPU
		{D1CCB24F-A868-F185-9228-8CC249247C79}.Debug|Any CPU.Build.0 = Debug|Any CPU
		{D1CCB24F-A868-F185-9228-8CC249247C79}.Debug|x64.ActiveCfg = Debug|x64
		{D1CCB24F-A868-F185-9228-8CC249247C79}.Debug|x64.Build.0 = Debug|x64
		{D1CCB24F-A868-F185-9228-8CC249247C79}.Debug|x86.ActiveCfg = Debug|x86
		{D1CCB24F-A868-F185-9228-8CC249247C79}.Debug|x86.Build.0 = Debug|x86
		{D1CCB24F-A868-F185-9228-8CC249247C79}.Release|Any CPU.ActiveCfg = Release|Any CPU
		{D1CCB24F-A868-F185-9228-8CC249247C79}.Release|Any CPU.Build.0 = Release|Any CPU
		{D1CCB24F-A868-F185-9228-8CC249247C79}.Release|x64.ActiveCfg = Release|x64
		{D1CCB24F-A868-F185-9228-8CC249247C79}.Release|x64.Build.0 = Release|x64
		{D1CCB24F-A868-F185-9228-8CC249247C79}.Release|x86.ActiveCfg = Release|x86
		{D1CCB24F-A868-F185-9228-8CC249247C79}.Release|x86.Build.0 = Release|x86
		{9EC37CFF-ACB3-4212-B6C3-0DAC013BADDA}.Debug|Any CPU.ActiveCfg = Debug|Any CPU
		{9EC37CFF-ACB3-4212-B6C3-0DAC013BADDA}.Debug|Any CPU.Build.0 = Debug|Any CPU
		{9EC37CFF-ACB3-4212-B6C3-0DAC013BADDA}.Debug|x64.ActiveCfg = Debug|x64
		{9EC37CFF-ACB3-4212-B6C3-0DAC013BADDA}.Debug|x64.Build.0 = Debug|x64
		{9EC37CFF-ACB3-4212-B6C3-0DAC013BADDA}.Debug|x86.ActiveCfg = Debug|x86
		{9EC37CFF-ACB3-4212-B6C3-0DAC013BADDA}.Debug|x86.Build.0 = Debug|x86
		{9EC37CFF-ACB3-4212-B6C3-0DAC013BADDA}.Release|Any CPU.ActiveCfg = Release|Any CPU
		{9EC37CFF-ACB3-4212-B6C3-0DAC013BADDA}.Release|Any CPU.Build.0 = Release|Any CPU
		{9EC37CFF-ACB3-4212-B6C3-0DAC013BADDA}.Release|x64.ActiveCfg = Release|x64
		{9EC37CFF-ACB3-4212-B6C3-0DAC013BADDA}.Release|x64.Build.0 = Release|x64
		{9EC37CFF-ACB3-4212-B6C3-0DAC013BADDA}.Release|x86.ActiveCfg = Release|x86
		{9EC37CFF-ACB3-4212-B6C3-0DAC013BADDA}.Release|x86.Build.0 = Release|x86
		{5498436C-E1C0-418D-9DA3-0460A3C15953}.Debug|Any CPU.ActiveCfg = Debug|Any CPU
		{5498436C-E1C0-418D-9DA3-0460A3C15953}.Debug|Any CPU.Build.0 = Debug|Any CPU
		{5498436C-E1C0-418D-9DA3-0460A3C15953}.Debug|x64.ActiveCfg = Debug|Any CPU
		{5498436C-E1C0-418D-9DA3-0460A3C15953}.Debug|x64.Build.0 = Debug|Any CPU
		{5498436C-E1C0-418D-9DA3-0460A3C15953}.Debug|x86.ActiveCfg = Debug|Any CPU
		{5498436C-E1C0-418D-9DA3-0460A3C15953}.Debug|x86.Build.0 = Debug|Any CPU
		{5498436C-E1C0-418D-9DA3-0460A3C15953}.Release|Any CPU.ActiveCfg = Release|Any CPU
		{5498436C-E1C0-418D-9DA3-0460A3C15953}.Release|Any CPU.Build.0 = Release|Any CPU
		{5498436C-E1C0-418D-9DA3-0460A3C15953}.Release|x64.ActiveCfg = Release|Any CPU
		{5498436C-E1C0-418D-9DA3-0460A3C15953}.Release|x64.Build.0 = Release|Any CPU
		{5498436C-E1C0-418D-9DA3-0460A3C15953}.Release|x86.ActiveCfg = Release|Any CPU
		{5498436C-E1C0-418D-9DA3-0460A3C15953}.Release|x86.Build.0 = Release|Any CPU
	EndGlobalSection
	GlobalSection(SolutionProperties) = preSolution
		HideSolutionNode = FALSE
	EndGlobalSection
	GlobalSection(ExtensibilityGlobals) = postSolution
		SolutionGuid = {8F14033F-F438-480E-BEE8-240A2375B527}
	EndGlobalSection
EndGlobal
