
Microsoft Visual Studio Solution File, Format Version 12.00
# Visual Studio Version 17
VisualStudioVersion = 17.9.34902.65
MinimumVisualStudioVersion = 10.0.40219.1
Project("{FAE04EC0-301F-11D3-BF4B-00C04F79EFBC}") = "CSharp", "CSharp\CSharp.csproj", "{CCB4344E-5158-49CB-8636-A7F9CB5524D9}"
EndProject
Project("{F2A71F9B-5D33-465A-A702-920D77279786}") = "FSharp", "FSharp\FSharp.fsproj", "{24125689-4520-40FE-AA59-4B082BABDFE0}"
EndProject
Global
	GlobalSection(SolutionConfigurationPlatforms) = preSolution
		Debug|Any CPU = Debug|Any CPU
		Release|Any CPU = Release|Any CPU
	EndGlobalSection
	GlobalSection(ProjectConfigurationPlatforms) = postSolution
		{CCB4344E-5158-49CB-8636-A7F9CB5524D9}.Debug|Any CPU.ActiveCfg = Debug|Any CPU
		{CCB4344E-5158-49CB-8636-A7F9CB5524D9}.Debug|Any CPU.Build.0 = Debug|Any CPU
		{CCB4344E-5158-49CB-8636-A7F9CB5524D9}.Release|Any CPU.ActiveCfg = Release|Any CPU
		{CCB4344E-5158-49CB-8636-A7F9CB5524D9}.Release|Any CPU.Build.0 = Release|Any CPU
		{24125689-4520-40FE-AA59-4B082BABDFE0}.Debug|Any CPU.ActiveCfg = Debug|Any CPU
		{24125689-4520-40FE-AA59-4B082BABDFE0}.Debug|Any CPU.Build.0 = Debug|Any CPU
		{24125689-4520-40FE-AA59-4B082BABDFE0}.Release|Any CPU.ActiveCfg = Release|Any CPU
		{24125689-4520-40FE-AA59-4B082BABDFE0}.Release|Any CPU.Build.0 = Release|Any CPU
	EndGlobalSection
	GlobalSection(SolutionProperties) = preSolution
		HideSolutionNode = FALSE
	EndGlobalSection
	GlobalSection(ExtensibilityGlobals) = postSolution
		SolutionGuid = {B992F90D-3EF9-4DBC-AF78-C4756B0E06C1}
	EndGlobalSection
EndGlobal
