
Microsoft Visual Studio Solution File, Format Version 12.00
# Visual Studio Version 17
VisualStudioVersion = 17.9.34902.65
MinimumVisualStudioVersion = 10.0.40219.1
Project("{FAE04EC0-301F-11D3-BF4B-00C04F79EFBC}") = "CSharp", "CSharp\CSharp.csproj", "{65A648C3-8759-4546-B299-B4A7CA0DD041}"
EndProject
Global
	GlobalSection(SolutionConfigurationPlatforms) = preSolution
		Debug|Any CPU = Debug|Any CPU
		Release|Any CPU = Release|Any CPU
	EndGlobalSection
	GlobalSection(ProjectConfigurationPlatforms) = postSolution
		{65A648C3-8759-4546-B299-B4A7CA0DD041}.Debug|Any CPU.ActiveCfg = Debug|Any CPU
		{65A648C3-8759-4546-B299-B4A7CA0DD041}.Debug|Any CPU.Build.0 = Debug|Any CPU
		{65A648C3-8759-4546-B299-B4A7CA0DD041}.Release|Any CPU.ActiveCfg = Release|Any CPU
		{65A648C3-8759-4546-B299-B4A7CA0DD041}.Release|Any CPU.Build.0 = Release|Any CPU
	EndGlobalSection
	GlobalSection(SolutionProperties) = preSolution
		HideSolutionNode = FALSE
	EndGlobalSection
	GlobalSection(ExtensibilityGlobals) = postSolution
		SolutionGuid = {935F0BED-C799-4BB8-8F8F-8605AEC28CEC}
	EndGlobalSection
EndGlobal
