
Microsoft Visual Studio Solution File, Format Version 12.00
# Visual Studio Version 17
VisualStudioVersion = 17.9.34902.65
MinimumVisualStudioVersion = 10.0.40219.1
Project("{FAE04EC0-301F-11D3-BF4B-00C04F79EFBC}") = "CSharp", "CSharp\CSharp.csproj", "{9FEA7DFC-4771-4A40-AFDE-C8BC65CB528E}"
EndProject
Global
	GlobalSection(SolutionConfigurationPlatforms) = preSolution
		Debug|Any CPU = Debug|Any CPU
		Release|Any CPU = Release|Any CPU
	EndGlobalSection
	GlobalSection(ProjectConfigurationPlatforms) = postSolution
		{9FEA7DFC-4771-4A40-AFDE-C8BC65CB528E}.Debug|Any CPU.ActiveCfg = Debug|Any CPU
		{9FEA7DFC-4771-4A40-AFDE-C8BC65CB528E}.Debug|Any CPU.Build.0 = Debug|Any CPU
		{9FEA7DFC-4771-4A40-AFDE-C8BC65CB528E}.Release|Any CPU.ActiveCfg = Release|Any CPU
		{9FEA7DFC-4771-4A40-AFDE-C8BC65CB528E}.Release|Any CPU.Build.0 = Release|Any CPU
	EndGlobalSection
	GlobalSection(SolutionProperties) = preSolution
		HideSolutionNode = FALSE
	EndGlobalSection
	GlobalSection(ExtensibilityGlobals) = postSolution
		SolutionGuid = {AC2A2247-F952-4D68-AA07-A57CE525854C}
	EndGlobalSection
EndGlobal
