
Microsoft Visual Studio Solution File, Format Version 12.00
# Visual Studio Version 17
VisualStudioVersion = 17.9.34902.65
MinimumVisualStudioVersion = 10.0.40219.1
Project("{FAE04EC0-301F-11D3-BF4B-00C04F79EFBC}") = "CSharp", "CSharp\CSharp.csproj", "{BA375F7D-459C-45F1-91C0-073A81F4B3BD}"
EndProject
Global
	GlobalSection(SolutionConfigurationPlatforms) = preSolution
		Debug|Any CPU = Debug|Any CPU
		Release|Any CPU = Release|Any CPU
	EndGlobalSection
	GlobalSection(ProjectConfigurationPlatforms) = postSolution
		{BA375F7D-459C-45F1-91C0-073A81F4B3BD}.Debug|Any CPU.ActiveCfg = Debug|Any CPU
		{BA375F7D-459C-45F1-91C0-073A81F4B3BD}.Debug|Any CPU.Build.0 = Debug|Any CPU
		{BA375F7D-459C-45F1-91C0-073A81F4B3BD}.Release|Any CPU.ActiveCfg = Release|Any CPU
		{BA375F7D-459C-45F1-91C0-073A81F4B3BD}.Release|Any CPU.Build.0 = Release|Any CPU
	EndGlobalSection
	GlobalSection(SolutionProperties) = preSolution
		HideSolutionNode = FALSE
	EndGlobalSection
	GlobalSection(ExtensibilityGlobals) = postSolution
		SolutionGuid = {DE9A7ED8-3E3B-44A5-B6D3-456FD73E0893}
	EndGlobalSection
EndGlobal
