
Microsoft Visual Studio Solution File, Format Version 12.00
# Visual Studio Version 17
VisualStudioVersion = 17.9.34902.65
MinimumVisualStudioVersion = 10.0.40219.1
Project("{FAE04EC0-301F-11D3-BF4B-00C04F79EFBC}") = "CSharp", "CSharp\CSharp.csproj", "{8F5D21D6-AC9A-4175-8400-FC3BFEDE047A}"
EndProject
Project("{F2A71F9B-5D33-465A-A702-920D77279786}") = "FSharp", "FSharp\FSharp.fsproj", "{FA15A700-BDA1-472A-AEB5-AC5701E93EC0}"
EndProject
Global
	GlobalSection(SolutionConfigurationPlatforms) = preSolution
		Debug|Any CPU = Debug|Any CPU
		Release|Any CPU = Release|Any CPU
	EndGlobalSection
	GlobalSection(ProjectConfigurationPlatforms) = postSolution
		{8F5D21D6-AC9A-4175-8400-FC3BFEDE047A}.Debug|Any CPU.ActiveCfg = Debug|Any CPU
		{8F5D21D6-AC9A-4175-8400-FC3BFEDE047A}.Debug|Any CPU.Build.0 = Debug|Any CPU
		{8F5D21D6-AC9A-4175-8400-FC3BFEDE047A}.Release|Any CPU.ActiveCfg = Release|Any CPU
		{8F5D21D6-AC9A-4175-8400-FC3BFEDE047A}.Release|Any CPU.Build.0 = Release|Any CPU
		{FA15A700-BDA1-472A-AEB5-AC5701E93EC0}.Debug|Any CPU.ActiveCfg = Debug|Any CPU
		{FA15A700-BDA1-472A-AEB5-AC5701E93EC0}.Debug|Any CPU.Build.0 = Debug|Any CPU
		{FA15A700-BDA1-472A-AEB5-AC5701E93EC0}.Release|Any CPU.ActiveCfg = Release|Any CPU
		{FA15A700-BDA1-472A-AEB5-AC5701E93EC0}.Release|Any CPU.Build.0 = Release|Any CPU
	EndGlobalSection
	GlobalSection(SolutionProperties) = preSolution
		HideSolutionNode = FALSE
	EndGlobalSection
	GlobalSection(ExtensibilityGlobals) = postSolution
		SolutionGuid = {2907EBC0-3EE1-47A9-B28E-7A2F98C40098}
	EndGlobalSection
EndGlobal
