
Microsoft Visual Studio Solution File, Format Version 12.00
# Visual Studio Version 17
VisualStudioVersion = 17.9.34902.65
MinimumVisualStudioVersion = 10.0.40219.1
Project("{FAE04EC0-301F-11D3-BF4B-00C04F79EFBC}") = "CSharp", "CSharp\CSharp.csproj", "{8267751B-5FE7-4465-AF34-279666C5478F}"
EndProject
Global
	GlobalSection(SolutionConfigurationPlatforms) = preSolution
		Debug|Any CPU = Debug|Any CPU
		Release|Any CPU = Release|Any CPU
	EndGlobalSection
	GlobalSection(ProjectConfigurationPlatforms) = postSolution
		{8267751B-5FE7-4465-AF34-279666C5478F}.Debug|Any CPU.ActiveCfg = Debug|Any CPU
		{8267751B-5FE7-4465-AF34-279666C5478F}.Debug|Any CPU.Build.0 = Debug|Any CPU
		{8267751B-5FE7-4465-AF34-279666C5478F}.Release|Any CPU.ActiveCfg = Release|Any CPU
		{8267751B-5FE7-4465-AF34-279666C5478F}.Release|Any CPU.Build.0 = Release|Any CPU
	EndGlobalSection
	GlobalSection(SolutionProperties) = preSolution
		HideSolutionNode = FALSE
	EndGlobalSection
	GlobalSection(ExtensibilityGlobals) = postSolution
		SolutionGuid = {1E175539-26C3-4C2B-A39F-F5FFF13401FD}
	EndGlobalSection
EndGlobal
