
Microsoft Visual Studio Solution File, Format Version 12.00
# Visual Studio Version 17
VisualStudioVersion = 17.9.34902.65
MinimumVisualStudioVersion = 10.0.40219.1
Project("{9A19103F-16F7-4668-BE54-9A1E7A4F7556}") = "CSharp", "CSharp\CSharp.csproj", "{B1EB70E0-BD7A-4CD8-87BF-9FDE152D47AA}"
EndProject
Project("{F2A71F9B-5D33-465A-A702-920D77279786}") = "FSharp", "FSharp\FSharp.fsproj", "{586EA19B-BA00-447A-B237-ADD6E33EADED}"
EndProject
Project("{F184B08F-C81C-45F6-A57F-5ABD9991F28F}") = "VB", "VB\VB.vbproj", "{9A688DAA-FF3C-4D91-AB18-A881E4E3A610}"
EndProject
Global
	GlobalSection(SolutionConfigurationPlatforms) = preSolution
		Debug|Any CPU = Debug|Any CPU
		Release|Any CPU = Release|Any CPU
	EndGlobalSection
	GlobalSection(ProjectConfigurationPlatforms) = postSolution
		{B1EB70E0-BD7A-4CD8-87BF-9FDE152D47AA}.Debug|Any CPU.ActiveCfg = Debug|Any CPU
		{B1EB70E0-BD7A-4CD8-87BF-9FDE152D47AA}.Debug|Any CPU.Build.0 = Debug|Any CPU
		{B1EB70E0-BD7A-4CD8-87BF-9FDE152D47AA}.Release|Any CPU.ActiveCfg = Release|Any CPU
		{B1EB70E0-BD7A-4CD8-87BF-9FDE152D47AA}.Release|Any CPU.Build.0 = Release|Any CPU
		{586EA19B-BA00-447A-B237-ADD6E33EADED}.Debug|Any CPU.ActiveCfg = Debug|Any CPU
		{586EA19B-BA00-447A-B237-ADD6E33EADED}.Debug|Any CPU.Build.0 = Debug|Any CPU
		{586EA19B-BA00-447A-B237-ADD6E33EADED}.Release|Any CPU.ActiveCfg = Release|Any CPU
		{586EA19B-BA00-447A-B237-ADD6E33EADED}.Release|Any CPU.Build.0 = Release|Any CPU
		{9A688DAA-FF3C-4D91-AB18-A881E4E3A610}.Debug|Any CPU.ActiveCfg = Debug|Any CPU
		{9A688DAA-FF3C-4D91-AB18-A881E4E3A610}.Debug|Any CPU.Build.0 = Debug|Any CPU
		{9A688DAA-FF3C-4D91-AB18-A881E4E3A610}.Release|Any CPU.ActiveCfg = Release|Any CPU
		{9A688DAA-FF3C-4D91-AB18-A881E4E3A610}.Release|Any CPU.Build.0 = Release|Any CPU
	EndGlobalSection
	GlobalSection(SolutionProperties) = preSolution
		HideSolutionNode = FALSE
	EndGlobalSection
	GlobalSection(ExtensibilityGlobals) = postSolution
		SolutionGuid = {6C8E79EA-6683-427D-A3E8-34A9994C2B7E}
	EndGlobalSection
EndGlobal
