
Microsoft Visual Studio Solution File, Format Version 12.00
# Visual Studio Version 17
VisualStudioVersion = 17.9.34902.65
MinimumVisualStudioVersion = 10.0.40219.1
Project("{FAE04EC0-301F-11D3-BF4B-00C04F79EFBC}") = "CSharp", "CSharp\CSharp.csproj", "{C359075F-DD1C-43B1-B424-760838B02290}"
EndProject
Global
	GlobalSection(SolutionConfigurationPlatforms) = preSolution
		Debug|Any CPU = Debug|Any CPU
		Release|Any CPU = Release|Any CPU
	EndGlobalSection
	GlobalSection(ProjectConfigurationPlatforms) = postSolution
		{C359075F-DD1C-43B1-B424-760838B02290}.Debug|Any CPU.ActiveCfg = Debug|Any CPU
		{C359075F-DD1C-43B1-B424-760838B02290}.Debug|Any CPU.Build.0 = Debug|Any CPU
		{C359075F-DD1C-43B1-B424-760838B02290}.Release|Any CPU.ActiveCfg = Release|Any CPU
		{C359075F-DD1C-43B1-B424-760838B02290}.Release|Any CPU.Build.0 = Release|Any CPU
	EndGlobalSection
	GlobalSection(SolutionProperties) = preSolution
		HideSolutionNode = FALSE
	EndGlobalSection
	GlobalSection(ExtensibilityGlobals) = postSolution
		SolutionGuid = {5364DE26-D1D9-4AF4-97FD-A38362D7EA20}
	EndGlobalSection
EndGlobal
