
Microsoft Visual Studio Solution File, Format Version 12.00
# Visual Studio Version 17
VisualStudioVersion = 17.9.34902.65
MinimumVisualStudioVersion = 10.0.40219.1
Project("{FAE04EC0-301F-11D3-BF4B-00C04F79EFBC}") = "CSharp", "CSharp\CSharp.csproj", "{0C0339B4-72A8-44A7-A053-13BDEC64B875}"
EndProject
Global
	GlobalSection(SolutionConfigurationPlatforms) = preSolution
		Debug|Any CPU = Debug|Any CPU
		Release|Any CPU = Release|Any CPU
	EndGlobalSection
	GlobalSection(ProjectConfigurationPlatforms) = postSolution
		{0C0339B4-72A8-44A7-A053-13BDEC64B875}.Debug|Any CPU.ActiveCfg = Debug|Any CPU
		{0C0339B4-72A8-44A7-A053-13BDEC64B875}.Debug|Any CPU.Build.0 = Debug|Any CPU
		{0C0339B4-72A8-44A7-A053-13BDEC64B875}.Release|Any CPU.ActiveCfg = Release|Any CPU
		{0C0339B4-72A8-44A7-A053-13BDEC64B875}.Release|Any CPU.Build.0 = Release|Any CPU
	EndGlobalSection
	GlobalSection(SolutionProperties) = preSolution
		HideSolutionNode = FALSE
	EndGlobalSection
	GlobalSection(ExtensibilityGlobals) = postSolution
		SolutionGuid = {600A6B68-3594-4C3B-BEDA-0F218DE41565}
	EndGlobalSection
EndGlobal
