
Microsoft Visual Studio Solution File, Format Version 12.00
# Visual Studio Version 17
VisualStudioVersion = 17.9.34902.65
MinimumVisualStudioVersion = 10.0.40219.1
Project("{FAE04EC0-301F-11D3-BF4B-00C04F79EFBC}") = "CSharp", "CSharp\CSharp.csproj", "{5EE3F1EA-3FA8-4ACE-BAD4-F689C580AE06}"
EndProject
Global
	GlobalSection(SolutionConfigurationPlatforms) = preSolution
		Debug|Any CPU = Debug|Any CPU
		Release|Any CPU = Release|Any CPU
	EndGlobalSection
	GlobalSection(ProjectConfigurationPlatforms) = postSolution
		{5EE3F1EA-3FA8-4ACE-BAD4-F689C580AE06}.Debug|Any CPU.ActiveCfg = Debug|Any CPU
		{5EE3F1EA-3FA8-4ACE-BAD4-F689C580AE06}.Debug|Any CPU.Build.0 = Debug|Any CPU
		{5EE3F1EA-3FA8-4ACE-BAD4-F689C580AE06}.Release|Any CPU.ActiveCfg = Release|Any CPU
		{5EE3F1EA-3FA8-4ACE-BAD4-F689C580AE06}.Release|Any CPU.Build.0 = Release|Any CPU
	EndGlobalSection
	GlobalSection(SolutionProperties) = preSolution
		HideSolutionNode = FALSE
	EndGlobalSection
	GlobalSection(ExtensibilityGlobals) = postSolution
		SolutionGuid = {01B1BF59-25B1-46A6-BFBC-80270F212561}
	EndGlobalSection
EndGlobal
